
Microsoft Visual Studio Solution File, Format Version 12.00
Project("{FAE04EC0-301F-11D3-BF4B-00C04F79EFBC}") = "IDMetric", "IDMetric\IDMetric.csproj", "{99E6E41F-D6A1-4843-B9A1-E8955BA4EAD0}"
EndProject
Global
	GlobalSection(SolutionConfigurationPlatforms) = preSolution
		Debug|Any CPU = Debug|Any CPU
		Release|Any CPU = Release|Any CPU
	EndGlobalSection
	GlobalSection(ProjectConfigurationPlatforms) = postSolution
		{99E6E41F-D6A1-4843-B9A1-E8955BA4EAD0}.Debug|Any CPU.ActiveCfg = Debug|Any CPU
		{99E6E41F-D6A1-4843-B9A1-E8955BA4EAD0}.Debug|Any CPU.Build.0 = Debug|Any CPU
		{99E6E41F-D6A1-4843-B9A1-E8955BA4EAD0}.Release|Any CPU.ActiveCfg = Release|Any CPU
		{99E6E41F-D6A1-4843-B9A1-E8955BA4EAD0}.Release|Any CPU.Build.0 = Release|Any CPU
	EndGlobalSection
EndGlobal
